Microsoft Visual Studio Solution File, Format Version 12.00
# Visual Studio Version 17
VisualStudioVersion = 17.5.2.0
MinimumVisualStudioVersion = 10.0.40219.1
Project("{FAE04EC0-301F-11D3-BF4B-00C04F79EFBC}") = "WiseMonitor.Api", "WiseMonitor.Api.csproj", "{DF9A3F0B-1AB1-CEA0-1A8A-12B1B79F840B}"
EndProject
Global
	GlobalSection(SolutionConfigurationPlatforms) = preSolution
		Debug|Any CPU = Debug|Any CPU
		Release|Any CPU = Release|Any CPU
	EndGlobalSection
	GlobalSection(ProjectConfigurationPlatforms) = postSolution
		{DF9A3F0B-1AB1-CEA0-1A8A-12B1B79F840B}.Debug|Any CPU.ActiveCfg = Debug|Any CPU
		{DF9A3F0B-1AB1-CEA0-1A8A-12B1B79F840B}.Debug|Any CPU.Build.0 = Debug|Any CPU
		{DF9A3F0B-1AB1-CEA0-1A8A-12B1B79F840B}.Release|Any CPU.ActiveCfg = Release|Any CPU
		{DF9A3F0B-1AB1-CEA0-1A8A-12B1B79F840B}.Release|Any CPU.Build.0 = Release|Any CPU
	EndGlobalSection
	GlobalSection(SolutionProperties) = preSolution
		HideSolutionNode = FALSE
	EndGlobalSection
	GlobalSection(ExtensibilityGlobals) = postSolution
		SolutionGuid = {06422836-7B05-4B67-9C77-0FE5BEC17CC7}
	EndGlobalSection
EndGlobal
